
Microsoft Visual Studio Solution File, Format Version 12.00
# Visual Studio Version 16
VisualStudioVersion = 16.0.30907.101
MinimumVisualStudioVersion = 10.0.40219.1
Project("{2150E333-8FDC-42A3-9474-1A3956D46DE8}") = "src", "src", "{AB8EE1CA-21D0-4E22-804C-2E342D2C0C49}"
EndProject
Project("{2150E333-8FDC-42A3-9474-1A3956D46DE8}") = "services", "services", "{0CC3B06D-2EBA-4798-A704-85E6A5B21E38}"
EndProject
Project("{2150E333-8FDC-42A3-9474-1A3956D46DE8}") = "FileParser", "FileParser", "{64B234FB-588E-4959-ADEE-B397F2639AA3}"
EndProject
Project("{9A19103F-16F7-4668-BE54-9A1E7A4F7556}") = "Reader.Domain", "Reader.Domain\Reader.Domain.csproj", "{31436C72-EF29-4695-B25D-9B7EF275FEAA}"
EndProject
Project("{9A19103F-16F7-4668-BE54-9A1E7A4F7556}") = "Reader.Infrastructure", "Reader.Infrastructure\Reader.Infrastructure.csproj", "{93E64E02-D68C-4935-B3A7-1790A530DB7F}"
EndProject
Project("{2150E333-8FDC-42A3-9474-1A3956D46DE8}") = "Inspector", "Inspector", "{8111DFE4-EF4E-4F5D-ABEF-59DB94334DDE}"
EndProject
Project("{9A19103F-16F7-4668-BE54-9A1E7A4F7556}") = "Inspector.Infrastructure", "Inspector.Infrastructure\Inspector.Infrastructure.csproj", "{4DA85D78-02CF-4CE3-880A-5C1601F10068}"
EndProject
Project("{9A19103F-16F7-4668-BE54-9A1E7A4F7556}") = "Inspector.Domain", "Inspector.Domain\Inspector.Domain.csproj", "{6F2A91C0-C198-431C-B415-D819CC053E90}"
EndProject
Project("{9A19103F-16F7-4668-BE54-9A1E7A4F7556}") = "Reader.API", "Reader.API\Reader.API.csproj", "{BE25A64E-3A36-4243-BED0-6C3F0496157E}"
EndProject
Project("{9A19103F-16F7-4668-BE54-9A1E7A4F7556}") = "Inspector.API", "Inspector.API\Inspector.API.csproj", "{4FBA9DD8-8979-47CB-B122-1FEB3F6D3067}"
EndProject
Project("{2150E333-8FDC-42A3-9474-1A3956D46DE8}") = "EventBus", "EventBus", "{CE3B0861-9064-4FE7-B76A-8B690554FB96}"
EndProject
Project("{9A19103F-16F7-4668-BE54-9A1E7A4F7556}") = "ImageInspection.EventBus", "ImageInspection.EventBus\ImageInspection.EventBus.csproj", "{E0061617-1B41-4919-8D7B-3F65B3F00ABF}"
EndProject
Project("{E53339B2-1760-4266-BCC7-CA923CBCF16C}") = "docker-compose", "docker-compose.dcproj", "{51D68625-923A-4D85-814B-EEAB2B7B42AA}"
EndProject
Project("{2150E333-8FDC-42A3-9474-1A3956D46DE8}") = "Common", "Common", "{4F0CAAF0-A5C0-468E-B556-A75B922D9EDF}"
EndProject
Project("{2150E333-8FDC-42A3-9474-1A3956D46DE8}") = "ServiceHost", "ServiceHost", "{F1D8F631-7595-4EF0-87D7-BF6FA4004591}"
EndProject
Project("{9A19103F-16F7-4668-BE54-9A1E7A4F7556}") = "Utility", "..\Utility\Utility.csproj", "{07174E06-2554-4A58-AFA1-8480FC6C24BB}"
EndProject
Project("{FAE04EC0-301F-11D3-BF4B-00C04F79EFBC}") = "EventBus.RabbitMQ", "EventBus.RabbitMQ\EventBus.RabbitMQ.csproj", "{6BE51E83-DA2C-4738-B057-A90A8E3D6898}"
EndProject
Global
	GlobalSection(SolutionConfigurationPlatforms) = preSolution
		Debug|Any CPU = Debug|Any CPU
		Release|Any CPU = Release|Any CPU
	EndGlobalSection
	GlobalSection(ProjectConfigurationPlatforms) = postSolution
		{31436C72-EF29-4695-B25D-9B7EF275FEAA}.Debug|Any CPU.ActiveCfg = Debug|Any CPU
		{31436C72-EF29-4695-B25D-9B7EF275FEAA}.Debug|Any CPU.Build.0 = Debug|Any CPU
		{31436C72-EF29-4695-B25D-9B7EF275FEAA}.Release|Any CPU.ActiveCfg = Release|Any CPU
		{31436C72-EF29-4695-B25D-9B7EF275FEAA}.Release|Any CPU.Build.0 = Release|Any CPU
		{93E64E02-D68C-4935-B3A7-1790A530DB7F}.Debug|Any CPU.ActiveCfg = Debug|Any CPU
		{93E64E02-D68C-4935-B3A7-1790A530DB7F}.Debug|Any CPU.Build.0 = Debug|Any CPU
		{93E64E02-D68C-4935-B3A7-1790A530DB7F}.Release|Any CPU.ActiveCfg = Release|Any CPU
		{93E64E02-D68C-4935-B3A7-1790A530DB7F}.Release|Any CPU.Build.0 = Release|Any CPU
		{4DA85D78-02CF-4CE3-880A-5C1601F10068}.Debug|Any CPU.ActiveCfg = Debug|Any CPU
		{4DA85D78-02CF-4CE3-880A-5C1601F10068}.Debug|Any CPU.Build.0 = Debug|Any CPU
		{4DA85D78-02CF-4CE3-880A-5C1601F10068}.Release|Any CPU.ActiveCfg = Release|Any CPU
		{4DA85D78-02CF-4CE3-880A-5C1601F10068}.Release|Any CPU.Build.0 = Release|Any CPU
		{6F2A91C0-C198-431C-B415-D819CC053E90}.Debug|Any CPU.ActiveCfg = Debug|Any CPU
		{6F2A91C0-C198-431C-B415-D819CC053E90}.Debug|Any CPU.Build.0 = Debug|Any CPU
		{6F2A91C0-C198-431C-B415-D819CC053E90}.Release|Any CPU.ActiveCfg = Release|Any CPU
		{6F2A91C0-C198-431C-B415-D819CC053E90}.Release|Any CPU.Build.0 = Release|Any CPU
		{BE25A64E-3A36-4243-BED0-6C3F0496157E}.Debug|Any CPU.ActiveCfg = Debug|Any CPU
		{BE25A64E-3A36-4243-BED0-6C3F0496157E}.Debug|Any CPU.Build.0 = Debug|Any CPU
		{BE25A64E-3A36-4243-BED0-6C3F0496157E}.Release|Any CPU.ActiveCfg = Release|Any CPU
		{BE25A64E-3A36-4243-BED0-6C3F0496157E}.Release|Any CPU.Build.0 = Release|Any CPU
		{4FBA9DD8-8979-47CB-B122-1FEB3F6D3067}.Debug|Any CPU.ActiveCfg = Debug|Any CPU
		{4FBA9DD8-8979-47CB-B122-1FEB3F6D3067}.Debug|Any CPU.Build.0 = Debug|Any CPU
		{4FBA9DD8-8979-47CB-B122-1FEB3F6D3067}.Release|Any CPU.ActiveCfg = Release|Any CPU
		{4FBA9DD8-8979-47CB-B122-1FEB3F6D3067}.Release|Any CPU.Build.0 = Release|Any CPU
		{E0061617-1B41-4919-8D7B-3F65B3F00ABF}.Debug|Any CPU.ActiveCfg = Debug|Any CPU
		{E0061617-1B41-4919-8D7B-3F65B3F00ABF}.Debug|Any CPU.Build.0 = Debug|Any CPU
		{E0061617-1B41-4919-8D7B-3F65B3F00ABF}.Release|Any CPU.ActiveCfg = Release|Any CPU
		{E0061617-1B41-4919-8D7B-3F65B3F00ABF}.Release|Any CPU.Build.0 = Release|Any CPU
		{51D68625-923A-4D85-814B-EEAB2B7B42AA}.Debug|Any CPU.ActiveCfg = Debug|Any CPU
		{51D68625-923A-4D85-814B-EEAB2B7B42AA}.Debug|Any CPU.Build.0 = Debug|Any CPU
		{51D68625-923A-4D85-814B-EEAB2B7B42AA}.Release|Any CPU.ActiveCfg = Release|Any CPU
		{51D68625-923A-4D85-814B-EEAB2B7B42AA}.Release|Any CPU.Build.0 = Release|Any CPU
		{07174E06-2554-4A58-AFA1-8480FC6C24BB}.Debug|Any CPU.ActiveCfg = Debug|Any CPU
		{07174E06-2554-4A58-AFA1-8480FC6C24BB}.Debug|Any CPU.Build.0 = Debug|Any CPU
		{07174E06-2554-4A58-AFA1-8480FC6C24BB}.Release|Any CPU.ActiveCfg = Release|Any CPU
		{07174E06-2554-4A58-AFA1-8480FC6C24BB}.Release|Any CPU.Build.0 = Release|Any CPU
		{6BE51E83-DA2C-4738-B057-A90A8E3D6898}.Debug|Any CPU.ActiveCfg = Debug|Any CPU
		{6BE51E83-DA2C-4738-B057-A90A8E3D6898}.Debug|Any CPU.Build.0 = Debug|Any CPU
		{6BE51E83-DA2C-4738-B057-A90A8E3D6898}.Release|Any CPU.ActiveCfg = Release|Any CPU
		{6BE51E83-DA2C-4738-B057-A90A8E3D6898}.Release|Any CPU.Build.0 = Release|Any CPU
	EndGlobalSection
	GlobalSection(SolutionProperties) = preSolution
		HideSolutionNode = FALSE
	EndGlobalSection
	GlobalSection(NestedProjects) = preSolution
		{0CC3B06D-2EBA-4798-A704-85E6A5B21E38} = {AB8EE1CA-21D0-4E22-804C-2E342D2C0C49}
		{64B234FB-588E-4959-ADEE-B397F2639AA3} = {0CC3B06D-2EBA-4798-A704-85E6A5B21E38}
		{31436C72-EF29-4695-B25D-9B7EF275FEAA} = {64B234FB-588E-4959-ADEE-B397F2639AA3}
		{93E64E02-D68C-4935-B3A7-1790A530DB7F} = {64B234FB-588E-4959-ADEE-B397F2639AA3}
		{8111DFE4-EF4E-4F5D-ABEF-59DB94334DDE} = {0CC3B06D-2EBA-4798-A704-85E6A5B21E38}
		{4DA85D78-02CF-4CE3-880A-5C1601F10068} = {8111DFE4-EF4E-4F5D-ABEF-59DB94334DDE}
		{6F2A91C0-C198-431C-B415-D819CC053E90} = {8111DFE4-EF4E-4F5D-ABEF-59DB94334DDE}
		{BE25A64E-3A36-4243-BED0-6C3F0496157E} = {64B234FB-588E-4959-ADEE-B397F2639AA3}
		{4FBA9DD8-8979-47CB-B122-1FEB3F6D3067} = {8111DFE4-EF4E-4F5D-ABEF-59DB94334DDE}
		{CE3B0861-9064-4FE7-B76A-8B690554FB96} = {4F0CAAF0-A5C0-468E-B556-A75B922D9EDF}
		{E0061617-1B41-4919-8D7B-3F65B3F00ABF} = {CE3B0861-9064-4FE7-B76A-8B690554FB96}
		{4F0CAAF0-A5C0-468E-B556-A75B922D9EDF} = {0CC3B06D-2EBA-4798-A704-85E6A5B21E38}
		{F1D8F631-7595-4EF0-87D7-BF6FA4004591} = {4F0CAAF0-A5C0-468E-B556-A75B922D9EDF}
		{07174E06-2554-4A58-AFA1-8480FC6C24BB} = {F1D8F631-7595-4EF0-87D7-BF6FA4004591}
		{6BE51E83-DA2C-4738-B057-A90A8E3D6898} = {CE3B0861-9064-4FE7-B76A-8B690554FB96}
	EndGlobalSection
	GlobalSection(ExtensibilityGlobals) = postSolution
		SolutionGuid = {F5270DDC-AEA8-4D96-A65E-C40E344224A6}
	EndGlobalSection
EndGlobal
